
Microsoft Visual Studio Solution File, Format Version 12.00
# Visual Studio Version 16
VisualStudioVersion = 16.0.30011.22
MinimumVisualStudioVersion = 10.0.40219.1
Project("{FAE04EC0-301F-11D3-BF4B-00C04F79EFBC}") = "limeandcode-dumpfile-analysis", "limeandcode-dumpfile-analysis\limeandcode-dumpfile-analysis.csproj", "{DCE597E0-A249-4741-85F9-903637A421C0}"
EndProject
Global
	GlobalSection(SolutionConfigurationPlatforms) = preSolution
		Debug|Any CPU = Debug|Any CPU
		Release|Any CPU = Release|Any CPU
	EndGlobalSection
	GlobalSection(ProjectConfigurationPlatforms) = postSolution
		{DCE597E0-A249-4741-85F9-903637A421C0}.Debug|Any CPU.ActiveCfg = Debug|Any CPU
		{DCE597E0-A249-4741-85F9-903637A421C0}.Debug|Any CPU.Build.0 = Debug|Any CPU
		{DCE597E0-A249-4741-85F9-903637A421C0}.Release|Any CPU.ActiveCfg = Release|Any CPU
		{DCE597E0-A249-4741-85F9-903637A421C0}.Release|Any CPU.Build.0 = Release|Any CPU
	EndGlobalSection
	GlobalSection(SolutionProperties) = preSolution
		HideSolutionNode = FALSE
	EndGlobalSection
	GlobalSection(ExtensibilityGlobals) = postSolution
		SolutionGuid = {5C579FEF-EAC9-4F03-A629-980704A1B042}
	EndGlobalSection
EndGlobal
